
Microsoft Visual Studio Solution File, Format Version 12.00
# Visual Studio Version 17
VisualStudioVersion = 17.4.33103.184
MinimumVisualStudioVersion = 10.0.40219.1
Project("{9A19103F-16F7-4668-BE54-9A1E7A4F7556}") = "Koalas.CommandLine", "Koalas.CommandLine\Koalas.CommandLine.csproj", "{DAD01099-A5ED-4AE5-B836-0ABACD4132C5}"
EndProject
Project("{9A19103F-16F7-4668-BE54-9A1E7A4F7556}") = "Koalas", "Koalas\Koalas.csproj", "{66EE36BB-18CF-4C97-847B-8F260CD0792A}"
EndProject
Project("{2150E333-8FDC-42A3-9474-1A3956D46DE8}") = "actions", "actions", "{5905B8D0-B7C1-4F70-94A3-9A45D641DC8E}"
EndProject
Global
	GlobalSection(SolutionConfigurationPlatforms) = preSolution
		Debug|Any CPU = Debug|Any CPU
		Release|Any CPU = Release|Any CPU
	EndGlobalSection
	GlobalSection(ProjectConfigurationPlatforms) = postSolution
		{DAD01099-A5ED-4AE5-B836-0ABACD4132C5}.Debug|Any CPU.ActiveCfg = Debug|Any CPU
		{DAD01099-A5ED-4AE5-B836-0ABACD4132C5}.Debug|Any CPU.Build.0 = Debug|Any CPU
		{DAD01099-A5ED-4AE5-B836-0ABACD4132C5}.Release|Any CPU.ActiveCfg = Release|Any CPU
		{DAD01099-A5ED-4AE5-B836-0ABACD4132C5}.Release|Any CPU.Build.0 = Release|Any CPU
		{66EE36BB-18CF-4C97-847B-8F260CD0792A}.Debug|Any CPU.ActiveCfg = Debug|Any CPU
		{66EE36BB-18CF-4C97-847B-8F260CD0792A}.Debug|Any CPU.Build.0 = Debug|Any CPU
		{66EE36BB-18CF-4C97-847B-8F260CD0792A}.Release|Any CPU.ActiveCfg = Release|Any CPU
		{66EE36BB-18CF-4C97-847B-8F260CD0792A}.Release|Any CPU.Build.0 = Release|Any CPU
	EndGlobalSection
	GlobalSection(SolutionProperties) = preSolution
		HideSolutionNode = FALSE
	EndGlobalSection
	GlobalSection(ExtensibilityGlobals) = postSolution
		SolutionGuid = {1999860E-5178-48FC-97A4-1CA5AAB70B7C}
	EndGlobalSection
EndGlobal
